
Microsoft Visual Studio Solution File, Format Version 12.00
# Visual Studio 15
VisualStudioVersion = 15.0.27703.2018
MinimumVisualStudioVersion = 10.0.40219.1
Project("{9A19103F-16F7-4668-BE54-9A1E7A4F7556}") = "YtManagement", "YtManagement\YtManagement.csproj", "{CAFC892A-3D62-4D13-AF51-56128C9A3159}"
EndProject
Project("{E53339B2-1760-4266-BCC7-CA923CBCF16C}") = "docker-compose", "docker-compose.dcproj", "{E697EA99-A9FC-42A4-8F36-334786469419}"
EndProject
Project("{FAE04EC0-301F-11D3-BF4B-00C04F79EFBC}") = "YtManagement.Monitor", "YtManagement.Monitor\YtManagement.Monitor.csproj", "{E902BF20-49EA-4490-A4B7-56733C95E4BB}"
EndProject
Project("{FAE04EC0-301F-11D3-BF4B-00C04F79EFBC}") = "YtManagement.Common", "..\YtManagement.Common\YtManagement.Common.csproj", "{1C003DBC-EC8A-4498-9125-963B1F49DBBE}"
EndProject
Global
	GlobalSection(SolutionConfigurationPlatforms) = preSolution
		Debug|Any CPU = Debug|Any CPU
		Release|Any CPU = Release|Any CPU
	EndGlobalSection
	GlobalSection(ProjectConfigurationPlatforms) = postSolution
		{CAFC892A-3D62-4D13-AF51-56128C9A3159}.Debug|Any CPU.ActiveCfg = Debug|Any CPU
		{CAFC892A-3D62-4D13-AF51-56128C9A3159}.Debug|Any CPU.Build.0 = Debug|Any CPU
		{CAFC892A-3D62-4D13-AF51-56128C9A3159}.Release|Any CPU.ActiveCfg = Release|Any CPU
		{CAFC892A-3D62-4D13-AF51-56128C9A3159}.Release|Any CPU.Build.0 = Release|Any CPU
		{E697EA99-A9FC-42A4-8F36-334786469419}.Debug|Any CPU.ActiveCfg = Debug|Any CPU
		{E697EA99-A9FC-42A4-8F36-334786469419}.Debug|Any CPU.Build.0 = Debug|Any CPU
		{E697EA99-A9FC-42A4-8F36-334786469419}.Release|Any CPU.ActiveCfg = Release|Any CPU
		{E697EA99-A9FC-42A4-8F36-334786469419}.Release|Any CPU.Build.0 = Release|Any CPU
		{E902BF20-49EA-4490-A4B7-56733C95E4BB}.Debug|Any CPU.ActiveCfg = Debug|Any CPU
		{E902BF20-49EA-4490-A4B7-56733C95E4BB}.Debug|Any CPU.Build.0 = Debug|Any CPU
		{E902BF20-49EA-4490-A4B7-56733C95E4BB}.Release|Any CPU.ActiveCfg = Release|Any CPU
		{E902BF20-49EA-4490-A4B7-56733C95E4BB}.Release|Any CPU.Build.0 = Release|Any CPU
		{1C003DBC-EC8A-4498-9125-963B1F49DBBE}.Debug|Any CPU.ActiveCfg = Debug|Any CPU
		{1C003DBC-EC8A-4498-9125-963B1F49DBBE}.Debug|Any CPU.Build.0 = Debug|Any CPU
		{1C003DBC-EC8A-4498-9125-963B1F49DBBE}.Release|Any CPU.ActiveCfg = Release|Any CPU
		{1C003DBC-EC8A-4498-9125-963B1F49DBBE}.Release|Any CPU.Build.0 = Release|Any CPU
	EndGlobalSection
	GlobalSection(SolutionProperties) = preSolution
		HideSolutionNode = FALSE
	EndGlobalSection
	GlobalSection(ExtensibilityGlobals) = postSolution
		SolutionGuid = {9FDBEF4C-A7B8-4273-A67D-3CB2AA63812F}
	EndGlobalSection
EndGlobal
